
Microsoft Visual Studio Solution File, Format Version 12.00
# Visual Studio Version 17
VisualStudioVersion = 17.1.32228.430
MinimumVisualStudioVersion = 10.0.40219.1
Project("{FAE04EC0-301F-11D3-BF4B-00C04F79EFBC}") = "VaccinationSystem", "VaccinationSystem\VaccinationSystem.csproj", "{FD8A6ADC-344F-49E5-AEF4-B742E72DF0FF}"
EndProject
Global
	GlobalSection(SolutionConfigurationPlatforms) = preSolution
		Debug|Any CPU = Debug|Any CPU
		Release|Any CPU = Release|Any CPU
	EndGlobalSection
	GlobalSection(ProjectConfigurationPlatforms) = postSolution
		{FD8A6ADC-344F-49E5-AEF4-B742E72DF0FF}.Debug|Any CPU.ActiveCfg = Debug|Any CPU
		{FD8A6ADC-344F-49E5-AEF4-B742E72DF0FF}.Debug|Any CPU.Build.0 = Debug|Any CPU
		{FD8A6ADC-344F-49E5-AEF4-B742E72DF0FF}.Release|Any CPU.ActiveCfg = Release|Any CPU
		{FD8A6ADC-344F-49E5-AEF4-B742E72DF0FF}.Release|Any CPU.Build.0 = Release|Any CPU
	EndGlobalSection
	GlobalSection(SolutionProperties) = preSolution
		HideSolutionNode = FALSE
	EndGlobalSection
	GlobalSection(ExtensibilityGlobals) = postSolution
		SolutionGuid = {8ABDE804-A4AA-410A-9922-89A4D0ADB0AF}
	EndGlobalSection
EndGlobal
